
Microsoft Visual Studio Solution File, Format Version 12.00
# Visual Studio Version 16
VisualStudioVersion = 16.0.30225.117
MinimumVisualStudioVersion = 10.0.40219.1
Project("{FAE04EC0-301F-11D3-BF4B-00C04F79EFBC}") = "截图翻译", "截图翻译\截图翻译.csproj", "{CA234818-0F97-4FE9-BA39-CC602F00532D}"
EndProject
Global
	GlobalSection(SolutionConfigurationPlatforms) = preSolution
		Debug|Any CPU = Debug|Any CPU
		Release|Any CPU = Release|Any CPU
	EndGlobalSection
	GlobalSection(ProjectConfigurationPlatforms) = postSolution
		{CA234818-0F97-4FE9-BA39-CC602F00532D}.Debug|Any CPU.ActiveCfg = Debug|Any CPU
		{CA234818-0F97-4FE9-BA39-CC602F00532D}.Debug|Any CPU.Build.0 = Debug|Any CPU
		{CA234818-0F97-4FE9-BA39-CC602F00532D}.Release|Any CPU.ActiveCfg = Release|Any CPU
		{CA234818-0F97-4FE9-BA39-CC602F00532D}.Release|Any CPU.Build.0 = Release|Any CPU
	EndGlobalSection
	GlobalSection(SolutionProperties) = preSolution
		HideSolutionNode = FALSE
	EndGlobalSection
	GlobalSection(ExtensibilityGlobals) = postSolution
		SolutionGuid = {03BB0437-3E5E-4F10-A298-C4424C722168}
	EndGlobalSection
EndGlobal
